lockfileVersion: 5.4

specifiers:
  axios: ^1.3.4

dependencies:
  axios: 1.3.4

packages:

  /asynckit/0.4.0:
    resolution: {integrity: sha1-x57Zf380y48robyXkLzDZkdLS3k=, tarball: https://pkgs.d.xiaomi.net:443/artifactory/api/npm/mi-npm/asynckit/-/asynckit-0.4.0.tgz}
    dev: false

  /axios/1.3.4:
    resolution: {integrity: sha1-9XYM79nPtR/SSBrPiMBfZ8RSMCQ=, tarball: https://pkgs.d.xiaomi.net:443/artifactory/api/npm/mi-npm/axios/-/axios-1.3.4.tgz}
    dependencies:
      follow-redirects: 1.15.2
      form-data: 4.0.0
      proxy-from-env: 1.1.0
    transitivePeerDependencies:
      - debug
    dev: false

  /combined-stream/1.0.8:
    resolution: {integrity: sha1-w9RaizT9cwYxoRCoolIGgrMdWn8=, tarball: https://pkgs.d.xiaomi.net:443/artifactory/api/npm/mi-npm/combined-stream/-/combined-stream-1.0.8.tgz}
    engines: {node: '>= 0.8'}
    dependencies:
      delayed-stream: 1.0.0
    dev: false

  /delayed-stream/1.0.0:
    resolution: {integrity: sha1-3zrhmayt+31ECqrgsp4icrJOxhk=, tarball: https://pkgs.d.xiaomi.net:443/artifactory/api/npm/mi-npm/delayed-stream/-/delayed-stream-1.0.0.tgz}
    engines: {node: '>=0.4.0'}
    dev: false

  /follow-redirects/1.15.2:
    resolution: {integrity: sha1-tGCGQUS6Y/JoEJbydMTlcCbaLBM=, tarball: https://pkgs.d.xiaomi.net:443/artifactory/api/npm/mi-npm/follow-redirects/-/follow-redirects-1.15.2.tgz}
    engines: {node: '>=4.0'}
    peerDependencies:
      debug: '*'
    peerDependenciesMeta:
      debug:
        optional: true
    dev: false

  /form-data/4.0.0:
    resolution: {integrity: sha1-k5Gdrq82HuUpWEubMWZNwSyfpFI=, tarball: https://pkgs.d.xiaomi.net:443/artifactory/api/npm/mi-npm/form-data/-/form-data-4.0.0.tgz}
    engines: {node: '>= 6'}
    dependencies:
      asynckit: 0.4.0
      combined-stream: 1.0.8
      mime-types: 2.1.35
    dev: false

  /mime-db/1.52.0:
    resolution: {integrity: sha1-u6vNwChZ9JhzAchW4zh85exDv3A=, tarball: https://pkgs.d.xiaomi.net:443/artifactory/api/npm/mi-npm/mime-db/-/mime-db-1.52.0.tgz}
    engines: {node: '>= 0.6'}
    dev: false

  /mime-types/2.1.35:
    resolution: {integrity: sha1-OBqHG2KnNEUGYK497uRIE/cNlZo=, tarball: https://pkgs.d.xiaomi.net:443/artifactory/api/npm/mi-npm/mime-types/-/mime-types-2.1.35.tgz}
    engines: {node: '>= 0.6'}
    dependencies:
      mime-db: 1.52.0
    dev: false

  /proxy-from-env/1.1.0:
    resolution: {integrity: sha1-4QLxbKNVQkhldV0sno6k8k1Yw+I=, tarball: https://pkgs.d.xiaomi.net:443/artifactory/api/npm/mi-npm/proxy-from-env/-/proxy-from-env-1.1.0.tgz}
    dev: false
